
Microsoft Visual Studio Solution File, Format Version 12.00
# Visual Studio Version 16
VisualStudioVersion = 16.0.31112.23
MinimumVisualStudioVersion = 10.0.40219.1
Project("{9A19103F-16F7-4668-BE54-9A1E7A4F7556}") = "RapportModule", "RapportModule\RapportModule.csproj", "{98C96EF8-3AC2-4B48-A794-D1D0A77206D5}"
EndProject
Project("{9A19103F-16F7-4668-BE54-9A1E7A4F7556}") = "Nummers", "Nummers\Nummers.csproj", "{ED93CF5D-DF1C-4C25-A6E7-98545DBD30C6}"
EndProject
Project("{9A19103F-16F7-4668-BE54-9A1E7A4F7556}") = "StudentKlasse", "StudentKlasse\StudentKlasse.csproj", "{459E7558-2B57-4E75-8442-ACCF87E4C590}"
EndProject
Project("{9A19103F-16F7-4668-BE54-9A1E7A4F7556}") = "BankManager", "BankManager\BankManager.csproj", "{4BB3337E-E0BD-4AD1-B362-894BE02664ED}"
EndProject
Project("{9A19103F-16F7-4668-BE54-9A1E7A4F7556}") = "Figuren", "Figuren\Figuren.csproj", "{51B5D376-3111-419F-A23B-47BB0CB811A2}"
EndProject
Project("{9A19103F-16F7-4668-BE54-9A1E7A4F7556}") = "PizzaTime", "PizzaTime\PizzaTime.csproj", "{63A668AB-18E4-467E-88F7-0BBBAD3BF4BB}"
EndProject
Project("{9A19103F-16F7-4668-BE54-9A1E7A4F7556}") = "Sports", "Sports\Sports.csproj", "{DEEE1B46-DAD7-4085-BF4C-F9E82927770B}"
EndProject
Project("{9A19103F-16F7-4668-BE54-9A1E7A4F7556}") = "Meetlat", "Meetlat\Meetlat.csproj", "{3FFE81B6-20DF-4850-9151-45B78592F4D3}"
EndProject
Project("{9A19103F-16F7-4668-BE54-9A1E7A4F7556}") = "Pokémon", "Pokémon\Pokémon.csproj", "{65BC5AAF-80BC-4E7B-885E-AD854BB6B108}"
EndProject
Project("{9A19103F-16F7-4668-BE54-9A1E7A4F7556}") = "PokemonTester", "PokemonTester\PokemonTester.csproj", "{31048CF9-EBF0-4B9C-ACC2-0751A4964AB2}"
EndProject
Project("{9A19103F-16F7-4668-BE54-9A1E7A4F7556}") = "Kluis", "Kluis\Kluis.csproj", "{45C4FEF7-FDF9-40C9-BFAE-A574EA8E8320}"
EndProject
Project("{9A19103F-16F7-4668-BE54-9A1E7A4F7556}") = "PrijzenMetForeach", "PrijzenMetForeach\PrijzenMetForeach.csproj", "{4BE98651-81F9-4FA0-8669-C4F9B1D62F43}"
EndProject
Project("{9A19103F-16F7-4668-BE54-9A1E7A4F7556}") = "Speelkaarten", "Speelkaarten\Speelkaarten.csproj", "{BC472C3A-A0AF-477A-995B-4D0E89659855}"
EndProject
Project("{9A19103F-16F7-4668-BE54-9A1E7A4F7556}") = "BookmarkManager", "BookmarkManager\BookmarkManager.csproj", "{7D2C8CEC-8EC7-49AC-B1D3-6985AB189EA4}"
EndProject
Project("{FAE04EC0-301F-11D3-BF4B-00C04F79EFBC}") = "HetDierenrijk", "HetDierenrijk\HetDierenrijk.csproj", "{04B213A6-862D-4464-87F2-2E16A1B39187}"
EndProject
Project("{FAE04EC0-301F-11D3-BF4B-00C04F79EFBC}") = "Ziekenhuis", "Ziekenhuis\Ziekenhuis.csproj", "{A89F80FA-4F8E-43BA-AA63-F97FC14CBD51}"
EndProject
Project("{FAE04EC0-301F-11D3-BF4B-00C04F79EFBC}") = "BallGame", "BallGame\BallGame.csproj", "{46D14A18-16A2-4F41-849B-AEB702FD4943}"
EndProject
Global
	GlobalSection(SolutionConfigurationPlatforms) = preSolution
		Debug|Any CPU = Debug|Any CPU
		Release|Any CPU = Release|Any CPU
	EndGlobalSection
	GlobalSection(ProjectConfigurationPlatforms) = postSolution
		{98C96EF8-3AC2-4B48-A794-D1D0A77206D5}.Debug|Any CPU.ActiveCfg = Debug|Any CPU
		{98C96EF8-3AC2-4B48-A794-D1D0A77206D5}.Debug|Any CPU.Build.0 = Debug|Any CPU
		{98C96EF8-3AC2-4B48-A794-D1D0A77206D5}.Release|Any CPU.ActiveCfg = Release|Any CPU
		{98C96EF8-3AC2-4B48-A794-D1D0A77206D5}.Release|Any CPU.Build.0 = Release|Any CPU
		{ED93CF5D-DF1C-4C25-A6E7-98545DBD30C6}.Debug|Any CPU.ActiveCfg = Debug|Any CPU
		{ED93CF5D-DF1C-4C25-A6E7-98545DBD30C6}.Debug|Any CPU.Build.0 = Debug|Any CPU
		{ED93CF5D-DF1C-4C25-A6E7-98545DBD30C6}.Release|Any CPU.ActiveCfg = Release|Any CPU
		{ED93CF5D-DF1C-4C25-A6E7-98545DBD30C6}.Release|Any CPU.Build.0 = Release|Any CPU
		{459E7558-2B57-4E75-8442-ACCF87E4C590}.Debug|Any CPU.ActiveCfg = Debug|Any CPU
		{459E7558-2B57-4E75-8442-ACCF87E4C590}.Debug|Any CPU.Build.0 = Debug|Any CPU
		{459E7558-2B57-4E75-8442-ACCF87E4C590}.Release|Any CPU.ActiveCfg = Release|Any CPU
		{459E7558-2B57-4E75-8442-ACCF87E4C590}.Release|Any CPU.Build.0 = Release|Any CPU
		{4BB3337E-E0BD-4AD1-B362-894BE02664ED}.Debug|Any CPU.ActiveCfg = Debug|Any CPU
		{4BB3337E-E0BD-4AD1-B362-894BE02664ED}.Debug|Any CPU.Build.0 = Debug|Any CPU
		{4BB3337E-E0BD-4AD1-B362-894BE02664ED}.Release|Any CPU.ActiveCfg = Release|Any CPU
		{4BB3337E-E0BD-4AD1-B362-894BE02664ED}.Release|Any CPU.Build.0 = Release|Any CPU
		{51B5D376-3111-419F-A23B-47BB0CB811A2}.Debug|Any CPU.ActiveCfg = Debug|Any CPU
		{51B5D376-3111-419F-A23B-47BB0CB811A2}.Debug|Any CPU.Build.0 = Debug|Any CPU
		{51B5D376-3111-419F-A23B-47BB0CB811A2}.Release|Any CPU.ActiveCfg = Release|Any CPU
		{51B5D376-3111-419F-A23B-47BB0CB811A2}.Release|Any CPU.Build.0 = Release|Any CPU
		{63A668AB-18E4-467E-88F7-0BBBAD3BF4BB}.Debug|Any CPU.ActiveCfg = Debug|Any CPU
		{63A668AB-18E4-467E-88F7-0BBBAD3BF4BB}.Debug|Any CPU.Build.0 = Debug|Any CPU
		{63A668AB-18E4-467E-88F7-0BBBAD3BF4BB}.Release|Any CPU.ActiveCfg = Release|Any CPU
		{63A668AB-18E4-467E-88F7-0BBBAD3BF4BB}.Release|Any CPU.Build.0 = Release|Any CPU
		{DEEE1B46-DAD7-4085-BF4C-F9E82927770B}.Debug|Any CPU.ActiveCfg = Debug|Any CPU
		{DEEE1B46-DAD7-4085-BF4C-F9E82927770B}.Debug|Any CPU.Build.0 = Debug|Any CPU
		{DEEE1B46-DAD7-4085-BF4C-F9E82927770B}.Release|Any CPU.ActiveCfg = Release|Any CPU
		{DEEE1B46-DAD7-4085-BF4C-F9E82927770B}.Release|Any CPU.Build.0 = Release|Any CPU
		{3FFE81B6-20DF-4850-9151-45B78592F4D3}.Debug|Any CPU.ActiveCfg = Debug|Any CPU
		{3FFE81B6-20DF-4850-9151-45B78592F4D3}.Debug|Any CPU.Build.0 = Debug|Any CPU
		{3FFE81B6-20DF-4850-9151-45B78592F4D3}.Release|Any CPU.ActiveCfg = Release|Any CPU
		{3FFE81B6-20DF-4850-9151-45B78592F4D3}.Release|Any CPU.Build.0 = Release|Any CPU
		{65BC5AAF-80BC-4E7B-885E-AD854BB6B108}.Debug|Any CPU.ActiveCfg = Debug|Any CPU
		{65BC5AAF-80BC-4E7B-885E-AD854BB6B108}.Debug|Any CPU.Build.0 = Debug|Any CPU
		{65BC5AAF-80BC-4E7B-885E-AD854BB6B108}.Release|Any CPU.ActiveCfg = Release|Any CPU
		{65BC5AAF-80BC-4E7B-885E-AD854BB6B108}.Release|Any CPU.Build.0 = Release|Any CPU
		{31048CF9-EBF0-4B9C-ACC2-0751A4964AB2}.Debug|Any CPU.ActiveCfg = Debug|Any CPU
		{31048CF9-EBF0-4B9C-ACC2-0751A4964AB2}.Debug|Any CPU.Build.0 = Debug|Any CPU
		{31048CF9-EBF0-4B9C-ACC2-0751A4964AB2}.Release|Any CPU.ActiveCfg = Release|Any CPU
		{31048CF9-EBF0-4B9C-ACC2-0751A4964AB2}.Release|Any CPU.Build.0 = Release|Any CPU
		{45C4FEF7-FDF9-40C9-BFAE-A574EA8E8320}.Debug|Any CPU.ActiveCfg = Debug|Any CPU
		{45C4FEF7-FDF9-40C9-BFAE-A574EA8E8320}.Debug|Any CPU.Build.0 = Debug|Any CPU
		{45C4FEF7-FDF9-40C9-BFAE-A574EA8E8320}.Release|Any CPU.ActiveCfg = Release|Any CPU
		{45C4FEF7-FDF9-40C9-BFAE-A574EA8E8320}.Release|Any CPU.Build.0 = Release|Any CPU
		{4BE98651-81F9-4FA0-8669-C4F9B1D62F43}.Debug|Any CPU.ActiveCfg = Debug|Any CPU
		{4BE98651-81F9-4FA0-8669-C4F9B1D62F43}.Debug|Any CPU.Build.0 = Debug|Any CPU
		{4BE98651-81F9-4FA0-8669-C4F9B1D62F43}.Release|Any CPU.ActiveCfg = Release|Any CPU
		{4BE98651-81F9-4FA0-8669-C4F9B1D62F43}.Release|Any CPU.Build.0 = Release|Any CPU
		{BC472C3A-A0AF-477A-995B-4D0E89659855}.Debug|Any CPU.ActiveCfg = Debug|Any CPU
		{BC472C3A-A0AF-477A-995B-4D0E89659855}.Debug|Any CPU.Build.0 = Debug|Any CPU
		{BC472C3A-A0AF-477A-995B-4D0E89659855}.Release|Any CPU.ActiveCfg = Release|Any CPU
		{BC472C3A-A0AF-477A-995B-4D0E89659855}.Release|Any CPU.Build.0 = Release|Any CPU
		{7D2C8CEC-8EC7-49AC-B1D3-6985AB189EA4}.Debug|Any CPU.ActiveCfg = Debug|Any CPU
		{7D2C8CEC-8EC7-49AC-B1D3-6985AB189EA4}.Debug|Any CPU.Build.0 = Debug|Any CPU
		{7D2C8CEC-8EC7-49AC-B1D3-6985AB189EA4}.Release|Any CPU.ActiveCfg = Release|Any CPU
		{7D2C8CEC-8EC7-49AC-B1D3-6985AB189EA4}.Release|Any CPU.Build.0 = Release|Any CPU
		{04B213A6-862D-4464-87F2-2E16A1B39187}.Debug|Any CPU.ActiveCfg = Debug|Any CPU
		{04B213A6-862D-4464-87F2-2E16A1B39187}.Debug|Any CPU.Build.0 = Debug|Any CPU
		{04B213A6-862D-4464-87F2-2E16A1B39187}.Release|Any CPU.ActiveCfg = Release|Any CPU
		{04B213A6-862D-4464-87F2-2E16A1B39187}.Release|Any CPU.Build.0 = Release|Any CPU
		{A89F80FA-4F8E-43BA-AA63-F97FC14CBD51}.Debug|Any CPU.ActiveCfg = Debug|Any CPU
		{A89F80FA-4F8E-43BA-AA63-F97FC14CBD51}.Debug|Any CPU.Build.0 = Debug|Any CPU
		{A89F80FA-4F8E-43BA-AA63-F97FC14CBD51}.Release|Any CPU.ActiveCfg = Release|Any CPU
		{A89F80FA-4F8E-43BA-AA63-F97FC14CBD51}.Release|Any CPU.Build.0 = Release|Any CPU
		{46D14A18-16A2-4F41-849B-AEB702FD4943}.Debug|Any CPU.ActiveCfg = Debug|Any CPU
		{46D14A18-16A2-4F41-849B-AEB702FD4943}.Debug|Any CPU.Build.0 = Debug|Any CPU
		{46D14A18-16A2-4F41-849B-AEB702FD4943}.Release|Any CPU.ActiveCfg = Release|Any CPU
		{46D14A18-16A2-4F41-849B-AEB702FD4943}.Release|Any CPU.Build.0 = Release|Any CPU
	EndGlobalSection
	GlobalSection(SolutionProperties) = preSolution
		HideSolutionNode = FALSE
	EndGlobalSection
	GlobalSection(ExtensibilityGlobals) = postSolution
		SolutionGuid = {F474677C-A7E0-4038-9925-9998B87152C4}
	EndGlobalSection
EndGlobal
