
Microsoft Visual Studio Solution File, Format Version 12.00
# Visual Studio Version 16
VisualStudioVersion = 16.0.31112.23
MinimumVisualStudioVersion = 10.0.40219.1
Project("{9A19103F-16F7-4668-BE54-9A1E7A4F7556}") = "RapportModule", "RapportModule\RapportModule.csproj", "{98C96EF8-3AC2-4B48-A794-D1D0A77206D5}"
EndProject
Project("{9A19103F-16F7-4668-BE54-9A1E7A4F7556}") = "Nummers", "Nummers\Nummers.csproj", "{ED93CF5D-DF1C-4C25-A6E7-98545DBD30C6}"
EndProject
Project("{9A19103F-16F7-4668-BE54-9A1E7A4F7556}") = "StudentKlasse", "StudentKlasse\StudentKlasse.csproj", "{459E7558-2B57-4E75-8442-ACCF87E4C590}"
EndProject
Project("{9A19103F-16F7-4668-BE54-9A1E7A4F7556}") = "BankManager", "BankManager\BankManager.csproj", "{4BB3337E-E0BD-4AD1-B362-894BE02664ED}"
EndProject
Project("{9A19103F-16F7-4668-BE54-9A1E7A4F7556}") = "Figuren", "Figuren\Figuren.csproj", "{51B5D376-3111-419F-A23B-47BB0CB811A2}"
EndProject
Project("{9A19103F-16F7-4668-BE54-9A1E7A4F7556}") = "PizzaTime", "PizzaTime\PizzaTime.csproj", "{63A668AB-18E4-467E-88F7-0BBBAD3BF4BB}"
EndProject
Project("{9A19103F-16F7-4668-BE54-9A1E7A4F7556}") = "Sports", "Sports\Sports.csproj", "{DEEE1B46-DAD7-4085-BF4C-F9E82927770B}"
EndProject
Global
	GlobalSection(SolutionConfigurationPlatforms) = preSolution
		Debug|Any CPU = Debug|Any CPU
		Release|Any CPU = Release|Any CPU
	EndGlobalSection
	GlobalSection(ProjectConfigurationPlatforms) = postSolution
		{98C96EF8-3AC2-4B48-A794-D1D0A77206D5}.Debug|Any CPU.ActiveCfg = Debug|Any CPU
		{98C96EF8-3AC2-4B48-A794-D1D0A77206D5}.Debug|Any CPU.Build.0 = Debug|Any CPU
		{98C96EF8-3AC2-4B48-A794-D1D0A77206D5}.Release|Any CPU.ActiveCfg = Release|Any CPU
		{98C96EF8-3AC2-4B48-A794-D1D0A77206D5}.Release|Any CPU.Build.0 = Release|Any CPU
		{ED93CF5D-DF1C-4C25-A6E7-98545DBD30C6}.Debug|Any CPU.ActiveCfg = Debug|Any CPU
		{ED93CF5D-DF1C-4C25-A6E7-98545DBD30C6}.Debug|Any CPU.Build.0 = Debug|Any CPU
		{ED93CF5D-DF1C-4C25-A6E7-98545DBD30C6}.Release|Any CPU.ActiveCfg = Release|Any CPU
		{ED93CF5D-DF1C-4C25-A6E7-98545DBD30C6}.Release|Any CPU.Build.0 = Release|Any CPU
		{459E7558-2B57-4E75-8442-ACCF87E4C590}.Debug|Any CPU.ActiveCfg = Debug|Any CPU
		{459E7558-2B57-4E75-8442-ACCF87E4C590}.Debug|Any CPU.Build.0 = Debug|Any CPU
		{459E7558-2B57-4E75-8442-ACCF87E4C590}.Release|Any CPU.ActiveCfg = Release|Any CPU
		{459E7558-2B57-4E75-8442-ACCF87E4C590}.Release|Any CPU.Build.0 = Release|Any CPU
		{4BB3337E-E0BD-4AD1-B362-894BE02664ED}.Debug|Any CPU.ActiveCfg = Debug|Any CPU
		{4BB3337E-E0BD-4AD1-B362-894BE02664ED}.Debug|Any CPU.Build.0 = Debug|Any CPU
		{4BB3337E-E0BD-4AD1-B362-894BE02664ED}.Release|Any CPU.ActiveCfg = Release|Any CPU
		{4BB3337E-E0BD-4AD1-B362-894BE02664ED}.Release|Any CPU.Build.0 = Release|Any CPU
		{51B5D376-3111-419F-A23B-47BB0CB811A2}.Debug|Any CPU.ActiveCfg = Debug|Any CPU
		{51B5D376-3111-419F-A23B-47BB0CB811A2}.Debug|Any CPU.Build.0 = Debug|Any CPU
		{51B5D376-3111-419F-A23B-47BB0CB811A2}.Release|Any CPU.ActiveCfg = Release|Any CPU
		{51B5D376-3111-419F-A23B-47BB0CB811A2}.Release|Any CPU.Build.0 = Release|Any CPU
		{63A668AB-18E4-467E-88F7-0BBBAD3BF4BB}.Debug|Any CPU.ActiveCfg = Debug|Any CPU
		{63A668AB-18E4-467E-88F7-0BBBAD3BF4BB}.Debug|Any CPU.Build.0 = Debug|Any CPU
		{63A668AB-18E4-467E-88F7-0BBBAD3BF4BB}.Release|Any CPU.ActiveCfg = Release|Any CPU
		{63A668AB-18E4-467E-88F7-0BBBAD3BF4BB}.Release|Any CPU.Build.0 = Release|Any CPU
		{DEEE1B46-DAD7-4085-BF4C-F9E82927770B}.Debug|Any CPU.ActiveCfg = Debug|Any CPU
		{DEEE1B46-DAD7-4085-BF4C-F9E82927770B}.Debug|Any CPU.Build.0 = Debug|Any CPU
		{DEEE1B46-DAD7-4085-BF4C-F9E82927770B}.Release|Any CPU.ActiveCfg = Release|Any CPU
		{DEEE1B46-DAD7-4085-BF4C-F9E82927770B}.Release|Any CPU.Build.0 = Release|Any CPU
	EndGlobalSection
	GlobalSection(SolutionProperties) = preSolution
		HideSolutionNode = FALSE
	EndGlobalSection
	GlobalSection(ExtensibilityGlobals) = postSolution
		SolutionGuid = {F474677C-A7E0-4038-9925-9998B87152C4}
	EndGlobalSection
EndGlobal
